
Microsoft Visual Studio Solution File, Format Version 12.00
# Visual Studio 2013
VisualStudioVersion = 12.0.30501.0
MinimumVisualStudioVersion = 10.0.40219.1
Project("{FAE04EC0-301F-11D3-BF4B-00C04F79EFBC}") = "RhApi", "RhApi\RhApi.csproj", "{B19B81B1-42CF-4549-8221-D6C527D920D9}"
EndProject
Project("{2150E333-8FDC-42A3-9474-1A3956D46DE8}") = "PublishScripts", "PublishScripts", "{7975E02A-64AC-4455-9C5F-3B059A4DF5DC}"
	ProjectSection(SolutionItems) = preProject
		PublishScripts\AzureWebsitePublishModule.psm1 = PublishScripts\AzureWebsitePublishModule.psm1
		PublishScripts\Publish-WebApplicationWebsite.ps1 = PublishScripts\Publish-WebApplicationWebsite.ps1
	EndProjectSection
EndProject
Project("{2150E333-8FDC-42A3-9474-1A3956D46DE8}") = "Configurations", "Configurations", "{521479B6-F02F-49E6-93C7-9753C40AB793}"
	ProjectSection(SolutionItems) = preProject
		PublishScripts\Configurations\RhApi-WAWS-dev.json = PublishScripts\Configurations\RhApi-WAWS-dev.json
	EndProjectSection
EndProject
Global
	GlobalSection(SolutionConfigurationPlatforms) = preSolution
		Debug|Any CPU = Debug|Any CPU
		Release|Any CPU = Release|Any CPU
	EndGlobalSection
	GlobalSection(ProjectConfigurationPlatforms) = postSolution
		{B19B81B1-42CF-4549-8221-D6C527D920D9}.Debug|Any CPU.ActiveCfg = Debug|Any CPU
		{B19B81B1-42CF-4549-8221-D6C527D920D9}.Debug|Any CPU.Build.0 = Debug|Any CPU
		{B19B81B1-42CF-4549-8221-D6C527D920D9}.Release|Any CPU.ActiveCfg = Release|Any CPU
		{B19B81B1-42CF-4549-8221-D6C527D920D9}.Release|Any CPU.Build.0 = Release|Any CPU
	EndGlobalSection
	GlobalSection(SolutionProperties) = preSolution
		HideSolutionNode = FALSE
	EndGlobalSection
	GlobalSection(NestedProjects) = preSolution
		{521479B6-F02F-49E6-93C7-9753C40AB793} = {7975E02A-64AC-4455-9C5F-3B059A4DF5DC}
	EndGlobalSection
EndGlobal
